{
  "name": "H5二维码识别（支持本地文件和相机）",
  "version": "1.0.0",
  "lockfileVersion": 1,
  "requires": true,
  "dependencies": {
    "aegis-web-sdk": {
      "version": "1.35.23",
      "resolved": "https://registry.npmmirror.com/aegis-web-sdk/-/aegis-web-sdk-1.35.23.tgz",
      "integrity": "sha512-8Xo4gnJjMxAySA5p9GRu4SYb1iRJ3ymwmi5HYcJatYFXB6Is0XyjL6J2fAcrfdr/ThwSikOam3A0NZB+uLhbUg==",
      "requires": {
        "web-vitals": "^1.1.2"
      }
    },
    "aegis-weex-sdk": {
      "version": "1.24.46",
      "resolved": "https://registry.npmmirror.com/aegis-weex-sdk/-/aegis-weex-sdk-1.24.46.tgz",
      "integrity": "sha512-Wof6LLIg4fWP9mPy2WCTvfErhkqrL5ecMoXfcjWz0RyPsjxjy/U9RY+4wf/am/JQdr8bZUtFpH2bQ5IEwoaYiQ=="
    },
    "cos-wx-sdk-v5": {
      "version": "0.7.11",
      "resolved": "https://registry.npmmirror.com/cos-wx-sdk-v5/-/cos-wx-sdk-v5-0.7.11.tgz",
      "integrity": "sha512-pOJYs2fJz1QsCf0ogmARuon5K4cDmCXozqhfnpdc+WsqZbd4L8amMlu9Q43Uv7IKYq/DAsHQbrkObweIh2N3fg==",
      "requires": {
        "xmldom": "^0.1.27"
      }
    },
    "image-tools": {
      "version": "1.4.0",
      "resolved": "https://registry.npmjs.org/image-tools/-/image-tools-1.4.0.tgz",
      "integrity": "sha512-TKtvJ6iUwM0mfaD4keMnk1ENHFC470QEjBfA3IlvKdEOufzvWbjbaoNcoyYq6HlViF8+d5tOS1ooE6j7CHf1lQ=="
    },
    "tim-js-sdk": {
      "version": "2.17.1",
      "resolved": "https://registry.npmmirror.com/tim-js-sdk/-/tim-js-sdk-2.17.1.tgz",
      "integrity": "sha512-Or/hLRUNt6smyVujOH7Mxgj8y/bRsoKDKDutFtWwyz55guYv55DLUwbHqxprKbnjXzpLZUQ2T+6v6+iwZu4z1g=="
    },
    "tim-upload-plugin": {
      "version": "1.0.4",
      "resolved": "https://registry.npmmirror.com/tim-upload-plugin/-/tim-upload-plugin-1.0.4.tgz",
      "integrity": "sha512-Ib/Ql5vdKoLg2wSFBQ34nzBnaUFa6IxiV8060BF+RnWVlhBZSd3MpBXT32wWcmPj/Sl2yOSCM+dC4fn1sm+y/w=="
    },
    "tim-wx-sdk": {
      "version": "2.17.1",
      "resolved": "https://registry.npmmirror.com/tim-wx-sdk/-/tim-wx-sdk-2.17.1.tgz",
      "integrity": "sha512-DX9vWTfmF0KzMhvWUHni2c3rtblC7lnXNFyPLsHakqMEj3Qw9QPqGxgDo1Fzlzaprle+ksrIFp3y7po70tCCRw=="
    },
    "web-vitals": {
      "version": "1.1.2",
      "resolved": "https://registry.npmmirror.com/web-vitals/-/web-vitals-1.1.2.tgz",
      "integrity": "sha512-PFMKIY+bRSXlMxVAQ+m2aw9c/ioUYfDgrYot0YUa+/xa0sakubWhSDyxAKwzymvXVdF4CZI71g06W+mqhzu6ig=="
    },
    "xmldom": {
      "version": "0.1.31",
      "resolved": "https://registry.npmmirror.com/xmldom/-/xmldom-0.1.31.tgz",
      "integrity": "sha512-yS2uJflVQs6n+CyjHoaBmVSqIDevTAWrzMmjG1Gc7h1qQ7uVozNhEPJAwZXWyGQ/Gafo3fCwrcaokezLPupVyQ=="
    }
  }
}
